
Microsoft Visual Studio Solution File, Format Version 12.00
# Visual Studio 15
VisualStudioVersion = 15.0.28010.2048
MinimumVisualStudioVersion = 10.0.40219.1
Project("{FAE04EC0-301F-11D3-BF4B-00C04F79EFBC}") = "WebApplication2", "WebApplication2\WebApplication2.csproj", "{4AF2A7EF-07C0-4698-AAC8-FFFA955ABBAC}"
EndProject
Global
	GlobalSection(SolutionConfigurationPlatforms) = preSolution
		Debug|Any CPU = Debug|Any CPU
		Release|Any CPU = Release|Any CPU
	EndGlobalSection
	GlobalSection(ProjectConfigurationPlatforms) = postSolution
		{4AF2A7EF-07C0-4698-AAC8-FFFA955ABBAC}.Debug|Any CPU.ActiveCfg = Debug|Any CPU
		{4AF2A7EF-07C0-4698-AAC8-FFFA955ABBAC}.Debug|Any CPU.Build.0 = Debug|Any CPU
		{4AF2A7EF-07C0-4698-AAC8-FFFA955ABBAC}.Release|Any CPU.ActiveCfg = Release|Any CPU
		{4AF2A7EF-07C0-4698-AAC8-FFFA955ABBAC}.Release|Any CPU.Build.0 = Release|Any CPU
	EndGlobalSection
	GlobalSection(SolutionProperties) = preSolution
		HideSolutionNode = FALSE
	EndGlobalSection
	GlobalSection(ExtensibilityGlobals) = postSolution
		SolutionGuid = {01FDD7A3-5E5D-49B8-9758-D5EEFF1A480B}
	EndGlobalSection
EndGlobal
